
Microsoft Visual Studio Solution File, Format Version 12.00
# Visual Studio Version 17
VisualStudioVersion = 17.8.34525.116
MinimumVisualStudioVersion = 10.0.40219.1
Project("{FAE04EC0-301F-11D3-BF4B-00C04F79EFBC}") = "MyC#27--casino", "MyC#27--casino\MyC#27--casino.csproj", "{66DF783E-DF99-44F3-8204-F3AF5D753C20}"
EndProject
Global
	GlobalSection(SolutionConfigurationPlatforms) = preSolution
		Debug|Any CPU = Debug|Any CPU
		Release|Any CPU = Release|Any CPU
	EndGlobalSection
	GlobalSection(ProjectConfigurationPlatforms) = postSolution
		{66DF783E-DF99-44F3-8204-F3AF5D753C20}.Debug|Any CPU.ActiveCfg = Debug|Any CPU
		{66DF783E-DF99-44F3-8204-F3AF5D753C20}.Debug|Any CPU.Build.0 = Debug|Any CPU
		{66DF783E-DF99-44F3-8204-F3AF5D753C20}.Release|Any CPU.ActiveCfg = Release|Any CPU
		{66DF783E-DF99-44F3-8204-F3AF5D753C20}.Release|Any CPU.Build.0 = Release|Any CPU
	EndGlobalSection
	GlobalSection(SolutionProperties) = preSolution
		HideSolutionNode = FALSE
	EndGlobalSection
	GlobalSection(ExtensibilityGlobals) = postSolution
		SolutionGuid = {FA9E8791-8E35-4E30-AEA5-379488D93DC6}
	EndGlobalSection
EndGlobal
